// !$*UTF8*$!
{
	archiveVersion = 1;
	classes = {
	};
	objectVersion = 56;
	objects = {

/* Begin PBXBuildFile section */
		D30F24CE296B3EF40028E0B5 /* iosApp.swift in Sources */ = {isa = PBXBuildFile; fileRef = D30F24CD296B3EF40028E0B5 /* iosApp.swift */; };
		D30F24D2296B3EF50028E0B5 /* Assets.xcassets in Resources */ = {isa = PBXBuildFile; fileRef = D30F24D1296B3EF50028E0B5 /* Assets.xcassets */; };
		D30F24D6296B3EF50028E0B5 /* Preview Assets.xcassets in Resources */ = {isa = PBXBuildFile; fileRef = D30F24D5296B3EF50028E0B5 /* Preview Assets.xcassets */; };
		D30F24E0296B3EF50028E0B5 /* iosTests.swift in Sources */ = {isa = PBXBuildFile; fileRef = D30F24DF296B3EF50028E0B5 /* iosTests.swift */; };
		D30F24EA296B3EF50028E0B5 /* iosUITests.swift in Sources */ = {isa = PBXBuildFile; fileRef = D30F24E9296B3EF50028E0B5 /* iosUITests.swift */; };
		D30F24EC296B3EF50028E0B5 /* iosUITestsLaunchTests.swift in Sources */ = {isa = PBXBuildFile; fileRef = D30F24EB296B3EF50028E0B5 /* iosUITestsLaunchTests.swift */; };
		D35EC73C29F68D5500B5643D /* vocab_ja2en.json in Resources */ = {isa = PBXBuildFile; fileRef = D35EC73B29F68D5500B5643D /* vocab_ja2en.json */; };
		D3891C5829F64B040037C8FB /* App in Frameworks */ = {isa = PBXBuildFile; productRef = D3891C5729F64B040037C8FB /* App */; };
		D3891C5A29F64B120037C8FB /* ComposableArchitecture in Frameworks */ = {isa = PBXBuildFile; productRef = D3891C5929F64B120037C8FB /* ComposableArchitecture */; };
		D3A5272F29E3DEA1005B6531 /* Settings.bundle in Resources */ = {isa = PBXBuildFile; fileRef = D3A5272E29E3DEA1005B6531 /* Settings.bundle */; };
		D3C2B2572990A0EB0072F796 /* GoogleService-Info.plist in Resources */ = {isa = PBXBuildFile; fileRef = D3C2B2562990A0EB0072F796 /* GoogleService-Info.plist */; };
		D3D39E2D29E1490100F4350C /* vocab.json in Resources */ = {isa = PBXBuildFile; fileRef = D39C703429E1486000FFD864 /* vocab.json */; };
/* End PBXBuildFile section */

/* Begin PBXContainerItemProxy section */
		D30F24DC296B3EF50028E0B5 /* PBXContainerItemProxy */ = {
			isa = PBXContainerItemProxy;
			containerPortal = D30F24C2296B3EF40028E0B5 /* Project object */;
			proxyType = 1;
			remoteGlobalIDString = D30F24C9296B3EF40028E0B5;
			remoteInfo = ios;
		};
		D30F24E6296B3EF50028E0B5 /* PBXContainerItemProxy */ = {
			isa = PBXContainerItemProxy;
			containerPortal = D30F24C2296B3EF40028E0B5 /* Project object */;
			proxyType = 1;
			remoteGlobalIDString = D30F24C9296B3EF40028E0B5;
			remoteInfo = ios;
		};
/* End PBXContainerItemProxy section */

/* Begin PBXFileReference section */
		D30CFAC729E1626100ACF46A /* SharedUI */ = {isa = PBXFileReference; lastKnownFileType = wrapper; path = SharedUI; sourceTree = "<group>"; };
		D30F24CA296B3EF40028E0B5 /* Viary.app */ = {isa = PBXFileReference; explicitFileType = wrapper.application; includeInIndex = 0; path = Viary.app; sourceTree = BUILT_PRODUCTS_DIR; };
		D30F24CD296B3EF40028E0B5 /* iosApp.swift */ = {isa = PBXFileReference; lastKnownFileType = sourcecode.swift; path = iosApp.swift; sourceTree = "<group>"; };
		D30F24D1296B3EF50028E0B5 /* Assets.xcassets */ = {isa = PBXFileReference; lastKnownFileType = folder.assetcatalog; path = Assets.xcassets; sourceTree = "<group>"; };
		D30F24D3296B3EF50028E0B5 /* ios.entitlements */ = {isa = PBXFileReference; lastKnownFileType = text.plist.entitlements; path = ios.entitlements; sourceTree = "<group>"; };
		D30F24D5296B3EF50028E0B5 /* Preview Assets.xcassets */ = {isa = PBXFileReference; lastKnownFileType = folder.assetcatalog; path = "Preview Assets.xcassets"; sourceTree = "<group>"; };
		D30F24DB296B3EF50028E0B5 /* iosTests.xctest */ = {isa = PBXFileReference; explicitFileType = wrapper.cfbundle; includeInIndex = 0; path = iosTests.xctest; sourceTree = BUILT_PRODUCTS_DIR; };
		D30F24DF296B3EF50028E0B5 /* iosTests.swift */ = {isa = PBXFileReference; lastKnownFileType = sourcecode.swift; path = iosTests.swift; sourceTree = "<group>"; };
		D30F24E5296B3EF50028E0B5 /* iosUITests.xctest */ = {isa = PBXFileReference; explicitFileType = wrapper.cfbundle; includeInIndex = 0; path = iosUITests.xctest; sourceTree = BUILT_PRODUCTS_DIR; };
		D30F24E9296B3EF50028E0B5 /* iosUITests.swift */ = {isa = PBXFileReference; lastKnownFileType = sourcecode.swift; path = iosUITests.swift; sourceTree = "<group>"; };
		D30F24EB296B3EF50028E0B5 /* iosUITestsLaunchTests.swift */ = {isa = PBXFileReference; lastKnownFileType = sourcecode.swift; path = iosUITestsLaunchTests.swift; sourceTree = "<group>"; };
		D35EC73B29F68D5500B5643D /* vocab_ja2en.json */ = {isa = PBXFileReference; fileEncoding = 4; lastKnownFileType = text.json; name = vocab_ja2en.json; path = Resources/Sources/Resources/vocab_ja2en.json; sourceTree = SOURCE_ROOT; };
		D35EC73D29F6A8B200B5643D /* Ja2en */ = {isa = PBXFileReference; lastKnownFileType = wrapper; path = Ja2en; sourceTree = "<group>"; };
		D35EC73E29F6A92200B5643D /* Resources */ = {isa = PBXFileReference; lastKnownFileType = wrapper; path = Resources; sourceTree = "<group>"; };
		D3891C5229F64A620037C8FB /* ViaryListFeature */ = {isa = PBXFileReference; lastKnownFileType = wrapper; name = ViaryListFeature; path = Features/ViaryListFeature; sourceTree = "<group>"; };
		D3891C5B29F64BF50037C8FB /* EmotionDetection */ = {isa = PBXFileReference; lastKnownFileType = wrapper; path = EmotionDetection; sourceTree = "<group>"; };
		D39C703429E1486000FFD864 /* vocab.json */ = {isa = PBXFileReference; fileEncoding = 4; lastKnownFileType = text.json; name = vocab.json; path = Resources/Sources/Resources/vocab.json; sourceTree = SOURCE_ROOT; };
		D3A367E629940548007D6FBE /* Utils */ = {isa = PBXFileReference; lastKnownFileType = wrapper; path = Utils; sourceTree = "<group>"; };
		D3A5272E29E3DEA1005B6531 /* Settings.bundle */ = {isa = PBXFileReference; lastKnownFileType = "wrapper.plug-in"; name = Settings.bundle; path = ios/Settings.bundle; sourceTree = "<group>"; };
		D3A5710D296C81450083B71B /* Entities */ = {isa = PBXFileReference; lastKnownFileType = wrapper; path = Entities; sourceTree = "<group>"; };
		D3A57114296C81790083B71B /* Repositories */ = {isa = PBXFileReference; lastKnownFileType = wrapper; path = Repositories; sourceTree = "<group>"; };
		D3A57117296C81E40083B71B /* ViaryListFeature */ = {isa = PBXFileReference; lastKnownFileType = wrapper; name = ViaryListFeature; path = Features/ViaryListFeature; sourceTree = "<group>"; };
		D3BAEF4E29F535AF006480A4 /* App */ = {isa = PBXFileReference; lastKnownFileType = wrapper; path = App; sourceTree = "<group>"; };
		D3BD9FAF2987FB6400576340 /* CreateViaryFeature */ = {isa = PBXFileReference; lastKnownFileType = wrapper; name = CreateViaryFeature; path = Features/CreateViaryFeature; sourceTree = "<group>"; };
		D3C2B2562990A0EB0072F796 /* GoogleService-Info.plist */ = {isa = PBXFileReference; fileEncoding = 4; lastKnownFileType = text.plist.xml; path = "GoogleService-Info.plist"; sourceTree = "<group>"; };
		D3DBD34429D19D7900F2D3EF /* EditViaryFeature */ = {isa = PBXFileReference; lastKnownFileType = wrapper; name = EditViaryFeature; path = Features/EditViaryFeature; sourceTree = "<group>"; };
/* End PBXFileReference section */

/* Begin PBXFrameworksBuildPhase section */
		D30F24C7296B3EF40028E0B5 /* Frameworks */ = {
			isa = PBXFrameworksBuildPhase;
			buildActionMask = 2147483647;
			files = (
				D3891C5A29F64B120037C8FB /* ComposableArchitecture in Frameworks */,
				D3891C5829F64B040037C8FB /* App in Frameworks */,
			);
			runOnlyForDeploymentPostprocessing = 0;
		};
		D30F24D8296B3EF50028E0B5 /* Frameworks */ = {
			isa = PBXFrameworksBuildPhase;
			buildActionMask = 2147483647;
			files = (
			);
			runOnlyForDeploymentPostprocessing = 0;
		};
		D30F24E2296B3EF50028E0B5 /* Frameworks */ = {
			isa = PBXFrameworksBuildPhase;
			buildActionMask = 2147483647;
			files = (
			);
			runOnlyForDeploymentPostprocessing = 0;
		};
/* End PBXFrameworksBuildPhase section */

/* Begin PBXGroup section */
		D30F24C1296B3EF40028E0B5 = {
			isa = PBXGroup;
			children = (
				D3A5272E29E3DEA1005B6531 /* Settings.bundle */,
				D3A5710C296C81450083B71B /* Packages */,
				D30F24CC296B3EF40028E0B5 /* ios */,
				D30F24DE296B3EF50028E0B5 /* iosTests */,
				D30F24E8296B3EF50028E0B5 /* iosUITests */,
				D30F24CB296B3EF40028E0B5 /* Products */,
				D30F2504296B410A0028E0B5 /* Frameworks */,
			);
			sourceTree = "<group>";
		};
		D30F24CB296B3EF40028E0B5 /* Products */ = {
			isa = PBXGroup;
			children = (
				D30F24CA296B3EF40028E0B5 /* Viary.app */,
				D30F24DB296B3EF50028E0B5 /* iosTests.xctest */,
				D30F24E5296B3EF50028E0B5 /* iosUITests.xctest */,
			);
			name = Products;
			sourceTree = "<group>";
		};
		D30F24CC296B3EF40028E0B5 /* ios */ = {
			isa = PBXGroup;
			children = (
				D35EC73B29F68D5500B5643D /* vocab_ja2en.json */,
				D39C703429E1486000FFD864 /* vocab.json */,
				D3C2B2562990A0EB0072F796 /* GoogleService-Info.plist */,
				D30F24CD296B3EF40028E0B5 /* iosApp.swift */,
				D30F24D1296B3EF50028E0B5 /* Assets.xcassets */,
				D30F24D3296B3EF50028E0B5 /* ios.entitlements */,
				D30F24D4296B3EF50028E0B5 /* Preview Content */,
			);
			path = ios;
			sourceTree = "<group>";
		};
		D30F24D4296B3EF50028E0B5 /* Preview Content */ = {
			isa = PBXGroup;
			children = (
				D30F24D5296B3EF50028E0B5 /* Preview Assets.xcassets */,
			);
			path = "Preview Content";
			sourceTree = "<group>";
		};
		D30F24DE296B3EF50028E0B5 /* iosTests */ = {
			isa = PBXGroup;
			children = (
				D30F24DF296B3EF50028E0B5 /* iosTests.swift */,
			);
			path = iosTests;
			sourceTree = "<group>";
		};
		D30F24E8296B3EF50028E0B5 /* iosUITests */ = {
			isa = PBXGroup;
			children = (
				D30F24E9296B3EF50028E0B5 /* iosUITests.swift */,
				D30F24EB296B3EF50028E0B5 /* iosUITestsLaunchTests.swift */,
			);
			path = iosUITests;
			sourceTree = "<group>";
		};
		D30F2504296B410A0028E0B5 /* Frameworks */ = {
			isa = PBXGroup;
			children = (
			);
			name = Frameworks;
			sourceTree = "<group>";
		};
		D3A5710C296C81450083B71B /* Packages */ = {
			isa = PBXGroup;
			children = (
				D3BD9FAF2987FB6400576340 /* CreateViaryFeature */,
				D3DBD34429D19D7900F2D3EF /* EditViaryFeature */,
				D3A5710D296C81450083B71B /* Entities */,
				D3A57114296C81790083B71B /* Repositories */,
				D3A367E629940548007D6FBE /* Utils */,
				D3A57117296C81E40083B71B /* ViaryListFeature */,
				D30CFAC729E1626100ACF46A /* SharedUI */,
				D3BAEF4E29F535AF006480A4 /* App */,
				D3891C5229F64A620037C8FB /* ViaryListFeature */,
				D3891C5B29F64BF50037C8FB /* EmotionDetection */,
				D35EC73D29F6A8B200B5643D /* Ja2en */,
				D35EC73E29F6A92200B5643D /* Resources */,
			);
			name = Packages;
			sourceTree = "<group>";
		};
/* End PBXGroup section */

/* Begin PBXNativeTarget section */
		D30F24C9296B3EF40028E0B5 /* ios */ = {
			isa = PBXNativeTarget;
			buildConfigurationList = D30F24EF296B3EF50028E0B5 /* Build configuration list for PBXNativeTarget "ios" */;
			buildPhases = (
				D30F24C6296B3EF40028E0B5 /* Sources */,
				D30F24C7296B3EF40028E0B5 /* Frameworks */,
				D30F24C8296B3EF40028E0B5 /* Resources */,
			);
			buildRules = (
			);
			dependencies = (
			);
			name = ios;
			packageProductDependencies = (
				D3891C5729F64B040037C8FB /* App */,
				D3891C5929F64B120037C8FB /* ComposableArchitecture */,
			);
			productName = ios;
			productReference = D30F24CA296B3EF40028E0B5 /* Viary.app */;
			productType = "com.apple.product-type.application";
		};
		D30F24DA296B3EF50028E0B5 /* iosTests */ = {
			isa = PBXNativeTarget;
			buildConfigurationList = D30F24F2296B3EF50028E0B5 /* Build configuration list for PBXNativeTarget "iosTests" */;
			buildPhases = (
				D30F24D7296B3EF50028E0B5 /* Sources */,
				D30F24D8296B3EF50028E0B5 /* Frameworks */,
				D30F24D9296B3EF50028E0B5 /* Resources */,
			);
			buildRules = (
			);
			dependencies = (
				D30F24DD296B3EF50028E0B5 /* PBXTargetDependency */,
			);
			name = iosTests;
			productName = iosTests;
			productReference = D30F24DB296B3EF50028E0B5 /* iosTests.xctest */;
			productType = "com.apple.product-type.bundle.unit-test";
		};
		D30F24E4296B3EF50028E0B5 /* iosUITests */ = {
			isa = PBXNativeTarget;
			buildConfigurationList = D30F24F5296B3EF50028E0B5 /* Build configuration list for PBXNativeTarget "iosUITests" */;
			buildPhases = (
				D30F24E1296B3EF50028E0B5 /* Sources */,
				D30F24E2296B3EF50028E0B5 /* Frameworks */,
				D30F24E3296B3EF50028E0B5 /* Resources */,
			);
			buildRules = (
			);
			dependencies = (
				D30F24E7296B3EF50028E0B5 /* PBXTargetDependency */,
			);
			name = iosUITests;
			productName = iosUITests;
			productReference = D30F24E5296B3EF50028E0B5 /* iosUITests.xctest */;
			productType = "com.apple.product-type.bundle.ui-testing";
		};
/* End PBXNativeTarget section */

/* Begin PBXProject section */
		D30F24C2296B3EF40028E0B5 /* Project object */ = {
			isa = PBXProject;
			attributes = {
				BuildIndependentTargetsInParallel = 1;
				LastSwiftUpdateCheck = 1410;
				LastUpgradeCheck = 1410;
				TargetAttributes = {
					D30F24C9296B3EF40028E0B5 = {
						CreatedOnToolsVersion = 14.1;
					};
					D30F24DA296B3EF50028E0B5 = {
						CreatedOnToolsVersion = 14.1;
						TestTargetID = D30F24C9296B3EF40028E0B5;
					};
					D30F24E4296B3EF50028E0B5 = {
						CreatedOnToolsVersion = 14.1;
						TestTargetID = D30F24C9296B3EF40028E0B5;
					};
				};
			};
			buildConfigurationList = D30F24C5296B3EF40028E0B5 /* Build configuration list for PBXProject "ios" */;
			compatibilityVersion = "Xcode 14.0";
			developmentRegion = en;
			hasScannedForEncodings = 0;
			knownRegions = (
				en,
				Base,
				ja,
			);
			mainGroup = D30F24C1296B3EF40028E0B5;
			packageReferences = (
				D30F24F8296B40390028E0B5 /* XCRemoteSwiftPackageReference "swift-composable-architecture" */,
				D30F24FB296B40480028E0B5 /* XCRemoteSwiftPackageReference "swiftui-navigation" */,
			);
			productRefGroup = D30F24CB296B3EF40028E0B5 /* Products */;
			projectDirPath = "";
			projectRoot = "";
			targets = (
				D30F24C9296B3EF40028E0B5 /* ios */,
				D30F24DA296B3EF50028E0B5 /* iosTests */,
				D30F24E4296B3EF50028E0B5 /* iosUITests */,
			);
		};
/* End PBXProject section */

/* Begin PBXResourcesBuildPhase section */
		D30F24C8296B3EF40028E0B5 /* Resources */ = {
			isa = PBXResourcesBuildPhase;
			buildActionMask = 2147483647;
			files = (
				D3D39E2D29E1490100F4350C /* vocab.json in Resources */,
				D30F24D6296B3EF50028E0B5 /* Preview Assets.xcassets in Resources */,
				D35EC73C29F68D5500B5643D /* vocab_ja2en.json in Resources */,
				D3A5272F29E3DEA1005B6531 /* Settings.bundle in Resources */,
				D30F24D2296B3EF50028E0B5 /* Assets.xcassets in Resources */,
				D3C2B2572990A0EB0072F796 /* GoogleService-Info.plist in Resources */,
			);
			runOnlyForDeploymentPostprocessing = 0;
		};
		D30F24D9296B3EF50028E0B5 /* Resources */ = {
			isa = PBXResourcesBuildPhase;
			buildActionMask = 2147483647;
			files = (
			);
			runOnlyForDeploymentPostprocessing = 0;
		};
		D30F24E3296B3EF50028E0B5 /* Resources */ = {
			isa = PBXResourcesBuildPhase;
			buildActionMask = 2147483647;
			files = (
			);
			runOnlyForDeploymentPostprocessing = 0;
		};
/* End PBXResourcesBuildPhase section */

/* Begin PBXSourcesBuildPhase section */
		D30F24C6296B3EF40028E0B5 /* Sources */ = {
			isa = PBXSourcesBuildPhase;
			buildActionMask = 2147483647;
			files = (
				D30F24CE296B3EF40028E0B5 /* iosApp.swift in Sources */,
			);
			runOnlyForDeploymentPostprocessing = 0;
		};
		D30F24D7296B3EF50028E0B5 /* Sources */ = {
			isa = PBXSourcesBuildPhase;
			buildActionMask = 2147483647;
			files = (
				D30F24E0296B3EF50028E0B5 /* iosTests.swift in Sources */,
			);
			runOnlyForDeploymentPostprocessing = 0;
		};
		D30F24E1296B3EF50028E0B5 /* Sources */ = {
			isa = PBXSourcesBuildPhase;
			buildActionMask = 2147483647;
			files = (
				D30F24EC296B3EF50028E0B5 /* iosUITestsLaunchTests.swift in Sources */,
				D30F24EA296B3EF50028E0B5 /* iosUITests.swift in Sources */,
			);
			runOnlyForDeploymentPostprocessing = 0;
		};
/* End PBXSourcesBuildPhase section */

/* Begin PBXTargetDependency section */
		D30F24DD296B3EF50028E0B5 /* PBXTargetDependency */ = {
			isa = PBXTargetDependency;
			target = D30F24C9296B3EF40028E0B5 /* ios */;
			targetProxy = D30F24DC296B3EF50028E0B5 /* PBXContainerItemProxy */;
		};
		D30F24E7296B3EF50028E0B5 /* PBXTargetDependency */ = {
			isa = PBXTargetDependency;
			target = D30F24C9296B3EF40028E0B5 /* ios */;
			targetProxy = D30F24E6296B3EF50028E0B5 /* PBXContainerItemProxy */;
		};
/* End PBXTargetDependency section */

/* Begin XCBuildConfiguration section */
		D30F24ED296B3EF50028E0B5 /* Debug */ = {
			isa = XCBuildConfiguration;
			buildSettings = {
				ALWAYS_SEARCH_USER_PATHS = NO;
				CLANG_ANALYZER_NONNULL = YES;
				CLANG_ANALYZER_NUMBER_OBJECT_CONVERSION = YES_AGGRESSIVE;
				CLANG_CXX_LANGUAGE_STANDARD = "gnu++20";
				CLANG_ENABLE_MODULES = YES;
				CLANG_ENABLE_OBJC_ARC = YES;
				CLANG_ENABLE_OBJC_WEAK = YES;
				CLANG_WARN_BLOCK_CAPTURE_AUTORELEASING = YES;
				CLANG_WARN_BOOL_CONVERSION = YES;
				CLANG_WARN_COMMA = YES;
				CLANG_WARN_CONSTANT_CONVERSION = YES;
				CLANG_WARN_DEPRECATED_OBJC_IMPLEMENTATIONS = YES;
				CLANG_WARN_DIRECT_OBJC_ISA_USAGE = YES_ERROR;
				CLANG_WARN_DOCUMENTATION_COMMENTS = YES;
				CLANG_WARN_EMPTY_BODY = YES;
				CLANG_WARN_ENUM_CONVERSION = YES;
				CLANG_WARN_INFINITE_RECURSION = YES;
				CLANG_WARN_INT_CONVERSION = YES;
				CLANG_WARN_NON_LITERAL_NULL_CONVERSION = YES;
				CLANG_WARN_OBJC_IMPLICIT_RETAIN_SELF = YES;
				CLANG_WARN_OBJC_LITERAL_CONVERSION = YES;
				CLANG_WARN_OBJC_ROOT_CLASS = YES_ERROR;
				CLANG_WARN_QUOTED_INCLUDE_IN_FRAMEWORK_HEADER = YES;
				CLANG_WARN_RANGE_LOOP_ANALYSIS = YES;
				CLANG_WARN_STRICT_PROTOTYPES = YES;
				CLANG_WARN_SUSPICIOUS_MOVE = YES;
				CLANG_WARN_UNGUARDED_AVAILABILITY = YES_AGGRESSIVE;
				CLANG_WARN_UNREACHABLE_CODE = YES;
				CLANG_WARN__DUPLICATE_METHOD_MATCH = YES;
				COPY_PHASE_STRIP = NO;
				DEBUG_INFORMATION_FORMAT = dwarf;
				ENABLE_STRICT_OBJC_MSGSEND = YES;
				ENABLE_TESTABILITY = YES;
				GCC_C_LANGUAGE_STANDARD = gnu11;
				GCC_DYNAMIC_NO_PIC = NO;
				GCC_NO_COMMON_BLOCKS = YES;
				GCC_OPTIMIZATION_LEVEL = 0;
				GCC_PREPROCESSOR_DEFINITIONS = (
					"DEBUG=1",
					"$(inherited)",
				);
				GCC_WARN_64_TO_32_BIT_CONVERSION = YES;
				GCC_WARN_ABOUT_RETURN_TYPE = YES_ERROR;
				GCC_WARN_UNDECLARED_SELECTOR = YES;
				GCC_WARN_UNINITIALIZED_AUTOS = YES_AGGRESSIVE;
				GCC_WARN_UNUSED_FUNCTION = YES;
				GCC_WARN_UNUSED_VARIABLE = YES;
				IPHONEOS_DEPLOYMENT_TARGET = 16.0;
				MACOSX_DEPLOYMENT_TARGET = 13.0;
				MTL_ENABLE_DEBUG_INFO = INCLUDE_SOURCE;
				MTL_FAST_MATH = YES;
				ONLY_ACTIVE_ARCH = YES;
				SWIFT_ACTIVE_COMPILATION_CONDITIONS = DEBUG;
				SWIFT_OPTIMIZATION_LEVEL = "-Onone";
			};
			name = Debug;
		};
		D30F24EE296B3EF50028E0B5 /* Release */ = {
			isa = XCBuildConfiguration;
			buildSettings = {
				ALWAYS_SEARCH_USER_PATHS = NO;
				CLANG_ANALYZER_NONNULL = YES;
				CLANG_ANALYZER_NUMBER_OBJECT_CONVERSION = YES_AGGRESSIVE;
				CLANG_CXX_LANGUAGE_STANDARD = "gnu++20";
				CLANG_ENABLE_MODULES = YES;
				CLANG_ENABLE_OBJC_ARC = YES;
				CLANG_ENABLE_OBJC_WEAK = YES;
				CLANG_WARN_BLOCK_CAPTURE_AUTORELEASING = YES;
				CLANG_WARN_BOOL_CONVERSION = YES;
				CLANG_WARN_COMMA = YES;
				CLANG_WARN_CONSTANT_CONVERSION = YES;
				CLANG_WARN_DEPRECATED_OBJC_IMPLEMENTATIONS = YES;
				CLANG_WARN_DIRECT_OBJC_ISA_USAGE = YES_ERROR;
				CLANG_WARN_DOCUMENTATION_COMMENTS = YES;
				CLANG_WARN_EMPTY_BODY = YES;
				CLANG_WARN_ENUM_CONVERSION = YES;
				CLANG_WARN_INFINITE_RECURSION = YES;
				CLANG_WARN_INT_CONVERSION = YES;
				CLANG_WARN_NON_LITERAL_NULL_CONVERSION = YES;
				CLANG_WARN_OBJC_IMPLICIT_RETAIN_SELF = YES;
				CLANG_WARN_OBJC_LITERAL_CONVERSION = YES;
				CLANG_WARN_OBJC_ROOT_CLASS = YES_ERROR;
				CLANG_WARN_QUOTED_INCLUDE_IN_FRAMEWORK_HEADER = YES;
				CLANG_WARN_RANGE_LOOP_ANALYSIS = YES;
				CLANG_WARN_STRICT_PROTOTYPES = YES;
				CLANG_WARN_SUSPICIOUS_MOVE = YES;
				CLANG_WARN_UNGUARDED_AVAILABILITY = YES_AGGRESSIVE;
				CLANG_WARN_UNREACHABLE_CODE = YES;
				CLANG_WARN__DUPLICATE_METHOD_MATCH = YES;
				COPY_PHASE_STRIP = NO;
				DEBUG_INFORMATION_FORMAT = "dwarf-with-dsym";
				ENABLE_NS_ASSERTIONS = NO;
				ENABLE_STRICT_OBJC_MSGSEND = YES;
				GCC_C_LANGUAGE_STANDARD = gnu11;
				GCC_NO_COMMON_BLOCKS = YES;
				GCC_WARN_64_TO_32_BIT_CONVERSION = YES;
				GCC_WARN_ABOUT_RETURN_TYPE = YES_ERROR;
				GCC_WARN_UNDECLARED_SELECTOR = YES;
				GCC_WARN_UNINITIALIZED_AUTOS = YES_AGGRESSIVE;
				GCC_WARN_UNUSED_FUNCTION = YES;
				GCC_WARN_UNUSED_VARIABLE = YES;
				IPHONEOS_DEPLOYMENT_TARGET = 16.0;
				MACOSX_DEPLOYMENT_TARGET = 13.0;
				MTL_ENABLE_DEBUG_INFO = NO;
				MTL_FAST_MATH = YES;
				SWIFT_COMPILATION_MODE = wholemodule;
				SWIFT_OPTIMIZATION_LEVEL = "-O";
			};
			name = Release;
		};
		D30F24F0296B3EF50028E0B5 /* Debug */ = {
			isa = XCBuildConfiguration;
			buildSettings = {
				APP_NAME = Viary;
				ASSETCATALOG_COMPILER_APPICON_NAME = AppIcon;
				ASSETCATALOG_COMPILER_GLOBAL_ACCENT_COLOR_NAME = AccentColor;
				CODE_SIGN_ENTITLEMENTS = ios/ios.entitlements;
				CODE_SIGN_STYLE = Automatic;
				CURRENT_PROJECT_VERSION = 1;
				DEVELOPMENT_ASSET_PATHS = "\"ios/Preview Content\"";
				DEVELOPMENT_TEAM = S8WBNKMKYU;
				ENABLE_HARDENED_RUNTIME = YES;
				ENABLE_PREVIEWS = YES;
				GENERATE_INFOPLIST_FILE = YES;
				INFOPLIST_KEY_NSMicrophoneUsageDescription = "マイクの許可をすると声で日記を記録することが可能になります。";
				INFOPLIST_KEY_NSSpeechRecognitionUsageDescription = "音声認識を許可すると声で日記を記録することが可能になります。";
				"INFOPLIST_KEY_UIApplicationSceneManifest_Generation[sdk=iphoneos*]" = YES;
				"INFOPLIST_KEY_UIApplicationSceneManifest_Generation[sdk=iphonesimulator*]" = YES;
				"INFOPLIST_KEY_UIApplicationSupportsIndirectInputEvents[sdk=iphoneos*]" = YES;
				"INFOPLIST_KEY_UIApplicationSupportsIndirectInputEvents[sdk=iphonesimulator*]" = YES;
				"INFOPLIST_KEY_UILaunchScreen_Generation[sdk=iphoneos*]" = YES;
				"INFOPLIST_KEY_UILaunchScreen_Generation[sdk=iphonesimulator*]" = YES;
				"INFOPLIST_KEY_UIStatusBarStyle[sdk=iphoneos*]" = UIStatusBarStyleDefault;
				"INFOPLIST_KEY_UIStatusBarStyle[sdk=iphonesimulator*]" = UIStatusBarStyleDefault;
				INFOPLIST_KEY_UISupportedInterfaceOrientations_iPad = "UIInterfaceOrientationPortrait UIInterfaceOrientationPortraitUpsideDown UIInterfaceOrientationLandscapeLeft UIInterfaceOrientationLandscapeRight";
				INFOPLIST_KEY_UISupportedInterfaceOrientations_iPhone = "UIInterfaceOrientationPortrait UIInterfaceOrientationLandscapeLeft UIInterfaceOrientationLandscapeRight";
				IPHONEOS_DEPLOYMENT_TARGET = 16.0;
				LD_RUNPATH_SEARCH_PATHS = "@executable_path/Frameworks";
				"LD_RUNPATH_SEARCH_PATHS[sdk=macosx*]" = "@executable_path/../Frameworks";
				MACOSX_DEPLOYMENT_TARGET = 13.0;
				MARKETING_VERSION = 1.1;
				PRODUCT_BUNDLE_IDENTIFIER = dev.fummicc1.viary.ios;
				PRODUCT_NAME = "$(APP_NAME)";
				SDKROOT = auto;
				SUPPORTED_PLATFORMS = "iphoneos iphonesimulator";
				SUPPORTS_MACCATALYST = NO;
				SUPPORTS_MAC_DESIGNED_FOR_IPHONE_IPAD = NO;
				SWIFT_EMIT_LOC_STRINGS = YES;
				SWIFT_STRICT_CONCURRENCY = complete;
				SWIFT_VERSION = 5.0;
				TARGETED_DEVICE_FAMILY = 1;
			};
			name = Debug;
		};
		D30F24F1296B3EF50028E0B5 /* Release */ = {
			isa = XCBuildConfiguration;
			buildSettings = {
				APP_NAME = Viary;
				ASSETCATALOG_COMPILER_APPICON_NAME = AppIcon;
				ASSETCATALOG_COMPILER_GLOBAL_ACCENT_COLOR_NAME = AccentColor;
				CODE_SIGN_ENTITLEMENTS = ios/ios.entitlements;
				CODE_SIGN_STYLE = Automatic;
				CURRENT_PROJECT_VERSION = 1;
				DEVELOPMENT_ASSET_PATHS = "\"ios/Preview Content\"";
				DEVELOPMENT_TEAM = S8WBNKMKYU;
				ENABLE_HARDENED_RUNTIME = YES;
				ENABLE_PREVIEWS = YES;
				GCC_OPTIMIZATION_LEVEL = z;
				GENERATE_INFOPLIST_FILE = YES;
				INFOPLIST_KEY_NSMicrophoneUsageDescription = "マイクの許可をすると声で日記を記録することが可能になります。";
				INFOPLIST_KEY_NSSpeechRecognitionUsageDescription = "音声認識を許可すると声で日記を記録することが可能になります。";
				"INFOPLIST_KEY_UIApplicationSceneManifest_Generation[sdk=iphoneos*]" = YES;
				"INFOPLIST_KEY_UIApplicationSceneManifest_Generation[sdk=iphonesimulator*]" = YES;
				"INFOPLIST_KEY_UIApplicationSupportsIndirectInputEvents[sdk=iphoneos*]" = YES;
				"INFOPLIST_KEY_UIApplicationSupportsIndirectInputEvents[sdk=iphonesimulator*]" = YES;
				"INFOPLIST_KEY_UILaunchScreen_Generation[sdk=iphoneos*]" = YES;
				"INFOPLIST_KEY_UILaunchScreen_Generation[sdk=iphonesimulator*]" = YES;
				"INFOPLIST_KEY_UIStatusBarStyle[sdk=iphoneos*]" = UIStatusBarStyleDefault;
				"INFOPLIST_KEY_UIStatusBarStyle[sdk=iphonesimulator*]" = UIStatusBarStyleDefault;
				INFOPLIST_KEY_UISupportedInterfaceOrientations_iPad = "UIInterfaceOrientationPortrait UIInterfaceOrientationPortraitUpsideDown UIInterfaceOrientationLandscapeLeft UIInterfaceOrientationLandscapeRight";
				INFOPLIST_KEY_UISupportedInterfaceOrientations_iPhone = "UIInterfaceOrientationPortrait UIInterfaceOrientationLandscapeLeft UIInterfaceOrientationLandscapeRight";
				IPHONEOS_DEPLOYMENT_TARGET = 16.0;
				LD_RUNPATH_SEARCH_PATHS = "@executable_path/Frameworks";
				"LD_RUNPATH_SEARCH_PATHS[sdk=macosx*]" = "@executable_path/../Frameworks";
				MACOSX_DEPLOYMENT_TARGET = 13.0;
				MARKETING_VERSION = 1.1;
				PRODUCT_BUNDLE_IDENTIFIER = dev.fummicc1.viary.ios;
				PRODUCT_NAME = "$(APP_NAME)";
				SDKROOT = auto;
				SUPPORTED_PLATFORMS = "iphoneos iphonesimulator";
				SUPPORTS_MACCATALYST = NO;
				SUPPORTS_MAC_DESIGNED_FOR_IPHONE_IPAD = NO;
				SWIFT_EMIT_LOC_STRINGS = YES;
				SWIFT_OPTIMIZATION_LEVEL = "-Osize";
				SWIFT_STRICT_CONCURRENCY = complete;
				SWIFT_VERSION = 5.0;
				TARGETED_DEVICE_FAMILY = 1;
			};
			name = Release;
		};
		D30F24F3296B3EF50028E0B5 /* Debug */ = {
			isa = XCBuildConfiguration;
			buildSettings = {
				ALWAYS_EMBED_SWIFT_STANDARD_LIBRARIES = YES;
				BUNDLE_LOADER = "$(TEST_HOST)";
				CODE_SIGN_STYLE = Automatic;
				CURRENT_PROJECT_VERSION = 1;
				DEVELOPMENT_TEAM = S8WBNKMKYU;
				GENERATE_INFOPLIST_FILE = YES;
				IPHONEOS_DEPLOYMENT_TARGET = 16.1;
				MACOSX_DEPLOYMENT_TARGET = 13.0;
				MARKETING_VERSION = 1.0;
				PRODUCT_BUNDLE_IDENTIFIER = dev.fummicc1.viary.iosTests;
				PRODUCT_NAME = "$(TARGET_NAME)";
				SDKROOT = auto;
				SUPPORTED_PLATFORMS = "iphoneos iphonesimulator macosx";
				SWIFT_EMIT_LOC_STRINGS = NO;
				SWIFT_VERSION = 5.0;
				TARGETED_DEVICE_FAMILY = "1,2";
				TEST_HOST = "$(BUILT_PRODUCTS_DIR)/ios.app/$(BUNDLE_EXECUTABLE_FOLDER_PATH)/ios";
			};
			name = Debug;
		};
		D30F24F4296B3EF50028E0B5 /* Release */ = {
			isa = XCBuildConfiguration;
			buildSettings = {
				ALWAYS_EMBED_SWIFT_STANDARD_LIBRARIES = YES;
				BUNDLE_LOADER = "$(TEST_HOST)";
				CODE_SIGN_STYLE = Automatic;
				CURRENT_PROJECT_VERSION = 1;
				DEVELOPMENT_TEAM = S8WBNKMKYU;
				GENERATE_INFOPLIST_FILE = YES;
				IPHONEOS_DEPLOYMENT_TARGET = 16.1;
				MACOSX_DEPLOYMENT_TARGET = 13.0;
				MARKETING_VERSION = 1.0;
				PRODUCT_BUNDLE_IDENTIFIER = dev.fummicc1.viary.iosTests;
				PRODUCT_NAME = "$(TARGET_NAME)";
				SDKROOT = auto;
				SUPPORTED_PLATFORMS = "iphoneos iphonesimulator macosx";
				SWIFT_EMIT_LOC_STRINGS = NO;
				SWIFT_VERSION = 5.0;
				TARGETED_DEVICE_FAMILY = "1,2";
				TEST_HOST = "$(BUILT_PRODUCTS_DIR)/ios.app/$(BUNDLE_EXECUTABLE_FOLDER_PATH)/ios";
			};
			name = Release;
		};
		D30F24F6296B3EF50028E0B5 /* Debug */ = {
			isa = XCBuildConfiguration;
			buildSettings = {
				ALWAYS_EMBED_SWIFT_STANDARD_LIBRARIES = YES;
				CODE_SIGN_STYLE = Automatic;
				CURRENT_PROJECT_VERSION = 1;
				DEVELOPMENT_TEAM = S8WBNKMKYU;
				GENERATE_INFOPLIST_FILE = YES;
				IPHONEOS_DEPLOYMENT_TARGET = 16.1;
				MACOSX_DEPLOYMENT_TARGET = 13.0;
				MARKETING_VERSION = 1.0;
				PRODUCT_BUNDLE_IDENTIFIER = dev.fummicc1.viary.iosUITests;
				PRODUCT_NAME = "$(TARGET_NAME)";
				SDKROOT = auto;
				SUPPORTED_PLATFORMS = "iphoneos iphonesimulator macosx";
				SWIFT_EMIT_LOC_STRINGS = NO;
				SWIFT_VERSION = 5.0;
				TARGETED_DEVICE_FAMILY = "1,2";
				TEST_TARGET_NAME = ios;
			};
			name = Debug;
		};
		D30F24F7296B3EF50028E0B5 /* Release */ = {
			isa = XCBuildConfiguration;
			buildSettings = {
				ALWAYS_EMBED_SWIFT_STANDARD_LIBRARIES = YES;
				CODE_SIGN_STYLE = Automatic;
				CURRENT_PROJECT_VERSION = 1;
				DEVELOPMENT_TEAM = S8WBNKMKYU;
				GENERATE_INFOPLIST_FILE = YES;
				IPHONEOS_DEPLOYMENT_TARGET = 16.1;
				MACOSX_DEPLOYMENT_TARGET = 13.0;
				MARKETING_VERSION = 1.0;
				PRODUCT_BUNDLE_IDENTIFIER = dev.fummicc1.viary.iosUITests;
				PRODUCT_NAME = "$(TARGET_NAME)";
				SDKROOT = auto;
				SUPPORTED_PLATFORMS = "iphoneos iphonesimulator macosx";
				SWIFT_EMIT_LOC_STRINGS = NO;
				SWIFT_VERSION = 5.0;
				TARGETED_DEVICE_FAMILY = "1,2";
				TEST_TARGET_NAME = ios;
			};
			name = Release;
		};
/* End XCBuildConfiguration section */

/* Begin XCConfigurationList section */
		D30F24C5296B3EF40028E0B5 /* Build configuration list for PBXProject "ios" */ = {
			isa = XCConfigurationList;
			buildConfigurations = (
				D30F24ED296B3EF50028E0B5 /* Debug */,
				D30F24EE296B3EF50028E0B5 /* Release */,
			);
			defaultConfigurationIsVisible = 0;
			defaultConfigurationName = Release;
		};
		D30F24EF296B3EF50028E0B5 /* Build configuration list for PBXNativeTarget "ios" */ = {
			isa = XCConfigurationList;
			buildConfigurations = (
				D30F24F0296B3EF50028E0B5 /* Debug */,
				D30F24F1296B3EF50028E0B5 /* Release */,
			);
			defaultConfigurationIsVisible = 0;
			defaultConfigurationName = Release;
		};
		D30F24F2296B3EF50028E0B5 /* Build configuration list for PBXNativeTarget "iosTests" */ = {
			isa = XCConfigurationList;
			buildConfigurations = (
				D30F24F3296B3EF50028E0B5 /* Debug */,
				D30F24F4296B3EF50028E0B5 /* Release */,
			);
			defaultConfigurationIsVisible = 0;
			defaultConfigurationName = Release;
		};
		D30F24F5296B3EF50028E0B5 /* Build configuration list for PBXNativeTarget "iosUITests" */ = {
			isa = XCConfigurationList;
			buildConfigurations = (
				D30F24F6296B3EF50028E0B5 /* Debug */,
				D30F24F7296B3EF50028E0B5 /* Release */,
			);
			defaultConfigurationIsVisible = 0;
			defaultConfigurationName = Release;
		};
/* End XCConfigurationList section */

/* Begin XCRemoteSwiftPackageReference section */
		D30F24F8296B40390028E0B5 /* XCRemoteSwiftPackageReference "swift-composable-architecture" */ = {
			isa = XCRemoteSwiftPackageReference;
			repositoryURL = "https://github.com/pointfreeco/swift-composable-architecture";
			requirement = {
				kind = upToNextMajorVersion;
				minimumVersion = 0.9.0;
			};
		};
		D30F24FB296B40480028E0B5 /* XCRemoteSwiftPackageReference "swiftui-navigation" */ = {
			isa = XCRemoteSwiftPackageReference;
			repositoryURL = "https://github.com/pointfreeco/swiftui-navigation";
			requirement = {
				kind = upToNextMajorVersion;
				minimumVersion = 0.4.5;
			};
		};
/* End XCRemoteSwiftPackageReference section */

/* Begin XCSwiftPackageProductDependency section */
		D3891C5729F64B040037C8FB /* App */ = {
			isa = XCSwiftPackageProductDependency;
			productName = App;
		};
		D3891C5929F64B120037C8FB /* ComposableArchitecture */ = {
			isa = XCSwiftPackageProductDependency;
			package = D30F24F8296B40390028E0B5 /* XCRemoteSwiftPackageReference "swift-composable-architecture" */;
			productName = ComposableArchitecture;
		};
/* End XCSwiftPackageProductDependency section */
	};
	rootObject = D30F24C2296B3EF40028E0B5 /* Project object */;
}
